{
  "name": "navion-app",
  "version": "1.0.4",
  "lockfileVersion": 3,
  "requires": true,
  "packages": {
    "": {
      "name": "navion-app",
      "version": "1.0.4",
      "license": "MIT",
      "dependencies": {
        "navion": "https://github.com/NavineDevs/Navion/archive/c81eb91a9012b5726340d8dfe7da4262ddd1f03c.tar.gz"
      },
      "engines": {
        "node": ">=18.0.0"
      }
    },
    "node_modules/navion": {
      "version": "1.0.24",
      "resolved": "https://github.com/NavineDevs/Navion/archive/c81eb91a9012b5726340d8dfe7da4262ddd1f03c.tar.gz",
      "integrity": "sha512-u2dlKOxacT3yuPjfLEDi9DcJ5pLPqsK6fEyiXctk85CI74BjlH4l5ln+fT7jveKGq5RNKGpeuM7gYVvfIL/qSw==",
      "bin": {
        "navion-core": "server.js"
      }
    }
  }
}
