{
  "name": "navion-app",
  "version": "1.0.3",
  "lockfileVersion": 3,
  "requires": true,
  "packages": {
    "": {
      "name": "navion-app",
      "version": "1.0.3",
      "license": "MIT",
      "dependencies": {
        "navion": "https://github.com/NavineDevs/Navion/archive/4550a1cfc0e98ff4d0b04f9756126ed5f5142b1b.tar.gz"
      },
      "engines": {
        "node": ">=18.0.0"
      }
    },
    "node_modules/navion": {
      "version": "1.0.23",
      "resolved": "https://github.com/NavineDevs/Navion/archive/4550a1cfc0e98ff4d0b04f9756126ed5f5142b1b.tar.gz",
      "integrity": "sha512-LVz+iqegtKkv5NaWE22nFmDDbiT0c0E3YJZbMf1bajHNgQuZAF2un5v5nwdjTt/UGvF5oai4WST2liYhuI+7mQ==",
      "bin": {
        "navion-core": "server.js"
      }
    }
  }
}
