{
  "name": "navion-app",
  "version": "1.0.2",
  "lockfileVersion": 3,
  "requires": true,
  "packages": {
    "": {
      "name": "navion-app",
      "version": "1.0.2",
      "hasInstallScript": true,
      "license": "MIT",
      "dependencies": {
        "navion": "file:../Navion"
      },
      "engines": {
        "node": ">=18.0.0"
      }
    },
    "../Navion": {
      "name": "navion",
      "version": "1.0.19",
      "license": "MIT",
      "bin": {
        "navion-core": "server.js"
      },
      "devDependencies": {
        "playwright": "^1.61.1"
      },
      "engines": {
        "node": ">=18.0.0"
      }
    },
    "node_modules/navion": {
      "resolved": "../Navion",
      "link": true
    }
  }
}
